// !$*UTF8*$!
{
	archiveVersion = 1;
	classes = {
	};
	objectVersion = 46;
	objects = {

/* Begin PBXBuildFile section */
		43D6DF7B1EF2F61B00D87270 /* AppDelegate.swift in Sources */ = {isa = PBXBuildFile; fileRef = 43D6DF7A1EF2F61B00D87270 /* AppDelegate.swift */; };
		43D6DF7D1EF2F61B00D87270 /* ViewController.swift in Sources */ = {isa = PBXBuildFile; fileRef = 43D6DF7C1EF2F61B00D87270 /* ViewController.swift */; };
		43D6DF801EF2F61B00D87270 /* Main.storyboard in Resources */ = {isa = PBXBuildFile; fileRef = 43D6DF7E1EF2F61B00D87270 /* Main.storyboard */; };
		43D6DF821EF2F61B00D87270 /* Assets.xcassets in Resources */ = {isa = PBXBuildFile; fileRef = 43D6DF811EF2F61B00D87270 /* Assets.xcassets */; };
		43D6DF851EF2F61B00D87270 /* LaunchScreen.storyboard in Resources */ = {isa = PBXBuildFile; fileRef = 43D6DF831EF2F61B00D87270 /* LaunchScreen.storyboard */; };
		43D6DFE01EF4760F00D87270 /* PullDownViewController.swift in Sources */ = {isa = PBXBuildFile; fileRef = 43D6DFDE1EF4760F00D87270 /* PullDownViewController.swift */; };
		43D6DFE11EF4760F00D87270 /* PullDownViewController.xib in Resources */ = {isa = PBXBuildFile; fileRef = 43D6DFDF1EF4760F00D87270 /* PullDownViewController.xib */; };
		43D6DFE41EF48D6800D87270 /* HandleView.swift in Sources */ = {isa = PBXBuildFile; fileRef = 43D6DFE31EF48D6800D87270 /* HandleView.swift */; };
/* End PBXBuildFile section */

/* Begin PBXFileReference section */
		43D6DF771EF2F61B00D87270 /* PullDown.app */ = {isa = PBXFileReference; explicitFileType = wrapper.application; includeInIndex = 0; path = PullDown.app; sourceTree = BUILT_PRODUCTS_DIR; };
		43D6DF7A1EF2F61B00D87270 /* AppDelegate.swift */ = {isa = PBXFileReference; lastKnownFileType = sourcecode.swift; path = AppDelegate.swift; sourceTree = "<group>"; };
		43D6DF7C1EF2F61B00D87270 /* ViewController.swift */ = {isa = PBXFileReference; lastKnownFileType = sourcecode.swift; path = ViewController.swift; sourceTree = "<group>"; };
		43D6DF7F1EF2F61B00D87270 /* Base */ = {isa = PBXFileReference; lastKnownFileType = file.storyboard; name = Base; path = Base.lproj/Main.storyboard; sourceTree = "<group>"; };
		43D6DF811EF2F61B00D87270 /* Assets.xcassets */ = {isa = PBXFileReference; lastKnownFileType = folder.assetcatalog; path = Assets.xcassets; sourceTree = "<group>"; };
		43D6DF841EF2F61B00D87270 /* Base */ = {isa = PBXFileReference; lastKnownFileType = file.storyboard; name = Base; path = Base.lproj/LaunchScreen.storyboard; sourceTree = "<group>"; };
		43D6DF861EF2F61B00D87270 /* Info.plist */ = {isa = PBXFileReference; lastKnownFileType = text.plist.xml; path = Info.plist; sourceTree = "<group>"; };
		43D6DFDE1EF4760F00D87270 /* PullDownViewController.swift */ = {isa = PBXFileReference; fileEncoding = 4; lastKnownFileType = sourcecode.swift; path = PullDownViewController.swift; sourceTree = "<group>"; };
		43D6DFDF1EF4760F00D87270 /* PullDownViewController.xib */ = {isa = PBXFileReference; fileEncoding = 4; lastKnownFileType = file.xib; path = PullDownViewController.xib; sourceTree = "<group>"; };
		43D6DFE31EF48D6800D87270 /* HandleView.swift */ = {isa = PBXFileReference; fileEncoding = 4; lastKnownFileType = sourcecode.swift; path = HandleView.swift; sourceTree = "<group>"; };
/* End PBXFileReference section */

/* Begin PBXFrameworksBuildPhase section */
		43D6DF741EF2F61B00D87270 /* Frameworks */ = {
			isa = PBXFrameworksBuildPhase;
			buildActionMask = 2147483647;
			files = (
			);
			runOnlyForDeploymentPostprocessing = 0;
		};
/* End PBXFrameworksBuildPhase section */

/* Begin PBXGroup section */
		43D6DF6E1EF2F61B00D87270 = {
			isa = PBXGroup;
			children = (
				43D6DF791EF2F61B00D87270 /* PullDown */,
				43D6DF781EF2F61B00D87270 /* Products */,
			);
			sourceTree = "<group>";
		};
		43D6DF781EF2F61B00D87270 /* Products */ = {
			isa = PBXGroup;
			children = (
				43D6DF771EF2F61B00D87270 /* PullDown.app */,
			);
			name = Products;
			sourceTree = "<group>";
		};
		43D6DF791EF2F61B00D87270 /* PullDown */ = {
			isa = PBXGroup;
			children = (
				43D6DF7A1EF2F61B00D87270 /* AppDelegate.swift */,
				43D6DF7C1EF2F61B00D87270 /* ViewController.swift */,
				43D6DFDE1EF4760F00D87270 /* PullDownViewController.swift */,
				43D6DFE31EF48D6800D87270 /* HandleView.swift */,
				43D6DFDF1EF4760F00D87270 /* PullDownViewController.xib */,
				43D6DF7E1EF2F61B00D87270 /* Main.storyboard */,
				43D6DF811EF2F61B00D87270 /* Assets.xcassets */,
				43D6DF831EF2F61B00D87270 /* LaunchScreen.storyboard */,
				43D6DF861EF2F61B00D87270 /* Info.plist */,
			);
			path = PullDown;
			sourceTree = "<group>";
		};
/* End PBXGroup section */

/* Begin PBXNativeTarget section */
		43D6DF761EF2F61B00D87270 /* PullDown */ = {
			isa = PBXNativeTarget;
			buildConfigurationList = 43D6DF891EF2F61B00D87270 /* Build configuration list for PBXNativeTarget "PullDown" */;
			buildPhases = (
				43D6DF731EF2F61B00D87270 /* Sources */,
				43D6DF741EF2F61B00D87270 /* Frameworks */,
				43D6DF751EF2F61B00D87270 /* Resources */,
			);
			buildRules = (
			);
			dependencies = (
			);
			name = PullDown;
			productName = PullDown;
			productReference = 43D6DF771EF2F61B00D87270 /* PullDown.app */;
			productType = "com.apple.product-type.application";
		};
/* End PBXNativeTarget section */

/* Begin PBXProject section */
		43D6DF6F1EF2F61B00D87270 /* Project object */ = {
			isa = PBXProject;
			attributes = {
				LastSwiftUpdateCheck = 0830;
				LastUpgradeCheck = 0830;
				ORGANIZATIONNAME = "Kush Taneja";
				TargetAttributes = {
					43D6DF761EF2F61B00D87270 = {
						CreatedOnToolsVersion = 8.3;
						DevelopmentTeam = JTK792GD3V;
						ProvisioningStyle = Automatic;
					};
				};
			};
			buildConfigurationList = 43D6DF721EF2F61B00D87270 /* Build configuration list for PBXProject "PullDown" */;
			compatibilityVersion = "Xcode 3.2";
			developmentRegion = English;
			hasScannedForEncodings = 0;
			knownRegions = (
				en,
				Base,
			);
			mainGroup = 43D6DF6E1EF2F61B00D87270;
			productRefGroup = 43D6DF781EF2F61B00D87270 /* Products */;
			projectDirPath = "";
			projectRoot = "";
			targets = (
				43D6DF761EF2F61B00D87270 /* PullDown */,
			);
		};
/* End PBXProject section */

/* Begin PBXResourcesBuildPhase section */
		43D6DF751EF2F61B00D87270 /* Resources */ = {
			isa = PBXResourcesBuildPhase;
			buildActionMask = 2147483647;
			files = (
				43D6DFE11EF4760F00D87270 /* PullDownViewController.xib in Resources */,
				43D6DF851EF2F61B00D87270 /* LaunchScreen.storyboard in Resources */,
				43D6DF821EF2F61B00D87270 /* Assets.xcassets in Resources */,
				43D6DF801EF2F61B00D87270 /* Main.storyboard in Resources */,
			);
			runOnlyForDeploymentPostprocessing = 0;
		};
/* End PBXResourcesBuildPhase section */

/* Begin PBXSourcesBuildPhase section */
		43D6DF731EF2F61B00D87270 /* Sources */ = {
			isa = PBXSourcesBuildPhase;
			buildActionMask = 2147483647;
			files = (
				43D6DFE01EF4760F00D87270 /* PullDownViewController.swift in Sources */,
				43D6DF7D1EF2F61B00D87270 /* ViewController.swift in Sources */,
				43D6DFE41EF48D6800D87270 /* HandleView.swift in Sources */,
				43D6DF7B1EF2F61B00D87270 /* AppDelegate.swift in Sources */,
			);
			runOnlyForDeploymentPostprocessing = 0;
		};
/* End PBXSourcesBuildPhase section */

/* Begin PBXVariantGroup section */
		43D6DF7E1EF2F61B00D87270 /* Main.storyboard */ = {
			isa = PBXVariantGroup;
			children = (
				43D6DF7F1EF2F61B00D87270 /* Base */,
			);
			name = Main.storyboard;
			sourceTree = "<group>";
		};
		43D6DF831EF2F61B00D87270 /* LaunchScreen.storyboard */ = {
			isa = PBXVariantGroup;
			children = (
				43D6DF841EF2F61B00D87270 /* Base */,
			);
			name = LaunchScreen.storyboard;
			sourceTree = "<group>";
		};
/* End PBXVariantGroup section */

/* Begin XCBuildConfiguration section */
		43D6DF871EF2F61B00D87270 /* Debug */ = {
			isa = XCBuildConfiguration;
			buildSettings = {
				ALWAYS_SEARCH_USER_PATHS = NO;
				CLANG_ANALYZER_NONNULL = YES;
				CLANG_ANALYZER_NUMBER_OBJECT_CONVERSION = YES_AGGRESSIVE;
				CLANG_CXX_LANGUAGE_STANDARD = "gnu++0x";
				CLANG_CXX_LIBRARY = "libc++";
				CLANG_ENABLE_MODULES = YES;
				CLANG_ENABLE_OBJC_ARC = YES;
				CLANG_WARN_BOOL_CONVERSION = YES;
				CLANG_WARN_CONSTANT_CONVERSION = YES;
				CLANG_WARN_DIRECT_OBJC_ISA_USAGE = YES_ERROR;
				CLANG_WARN_DOCUMENTATION_COMMENTS = YES;
				CLANG_WARN_EMPTY_BODY = YES;
				CLANG_WARN_ENUM_CONVERSION = YES;
				CLANG_WARN_INFINITE_RECURSION = YES;
				CLANG_WARN_INT_CONVERSION = YES;
				CLANG_WARN_OBJC_ROOT_CLASS = YES_ERROR;
				CLANG_WARN_SUSPICIOUS_MOVE = YES;
				CLANG_WARN_UNREACHABLE_CODE = YES;
				CLANG_WARN__DUPLICATE_METHOD_MATCH = YES;
				"CODE_SIGN_IDENTITY[sdk=iphoneos*]" = "iPhone Developer";
				COPY_PHASE_STRIP = NO;
				DEBUG_INFORMATION_FORMAT = dwarf;
				ENABLE_STRICT_OBJC_MSGSEND = YES;
				ENABLE_TESTABILITY = YES;
				GCC_C_LANGUAGE_STANDARD = gnu99;
				GCC_DYNAMIC_NO_PIC = NO;
				GCC_NO_COMMON_BLOCKS = YES;
				GCC_OPTIMIZATION_LEVEL = 0;
				GCC_PREPROCESSOR_DEFINITIONS = (
					"DEBUG=1",
					"$(inherited)",
				);
				GCC_WARN_64_TO_32_BIT_CONVERSION = YES;
				GCC_WARN_ABOUT_RETURN_TYPE = YES_ERROR;
				GCC_WARN_UNDECLARED_SELECTOR = YES;
				GCC_WARN_UNINITIALIZED_AUTOS = YES_AGGRESSIVE;
				GCC_WARN_UNUSED_FUNCTION = YES;
				GCC_WARN_UNUSED_VARIABLE = YES;
				IPHONEOS_DEPLOYMENT_TARGET = 10.3;
				MTL_ENABLE_DEBUG_INFO = YES;
				ONLY_ACTIVE_ARCH = YES;
				SDKROOT = iphoneos;
				SWIFT_ACTIVE_COMPILATION_CONDITIONS = DEBUG;
				SWIFT_OPTIMIZATION_LEVEL = "-Onone";
				TARGETED_DEVICE_FAMILY = "1,2";
			};
			name = Debug;
		};
		43D6DF881EF2F61B00D87270 /* Release */ = {
			isa = XCBuildConfiguration;
			buildSettings = {
				ALWAYS_SEARCH_USER_PATHS = NO;
				CLANG_ANALYZER_NONNULL = YES;
				CLANG_ANALYZER_NUMBER_OBJECT_CONVERSION = YES_AGGRESSIVE;
				CLANG_CXX_LANGUAGE_STANDARD = "gnu++0x";
				CLANG_CXX_LIBRARY = "libc++";
				CLANG_ENABLE_MODULES = YES;
				CLANG_ENABLE_OBJC_ARC = YES;
				CLANG_WARN_BOOL_CONVERSION = YES;
				CLANG_WARN_CONSTANT_CONVERSION = YES;
				CLANG_WARN_DIRECT_OBJC_ISA_USAGE = YES_ERROR;
				CLANG_WARN_DOCUMENTATION_COMMENTS = YES;
				CLANG_WARN_EMPTY_BODY = YES;
				CLANG_WARN_ENUM_CONVERSION = YES;
				CLANG_WARN_INFINITE_RECURSION = YES;
				CLANG_WARN_INT_CONVERSION = YES;
				CLANG_WARN_OBJC_ROOT_CLASS = YES_ERROR;
				CLANG_WARN_SUSPICIOUS_MOVE = YES;
				CLANG_WARN_UNREACHABLE_CODE = YES;
				CLANG_WARN__DUPLICATE_METHOD_MATCH = YES;
				"CODE_SIGN_IDENTITY[sdk=iphoneos*]" = "iPhone Developer";
				COPY_PHASE_STRIP = NO;
				DEBUG_INFORMATION_FORMAT = "dwarf-with-dsym";
				ENABLE_NS_ASSERTIONS = NO;
				ENABLE_STRICT_OBJC_MSGSEND = YES;
				GCC_C_LANGUAGE_STANDARD = gnu99;
				GCC_NO_COMMON_BLOCKS = YES;
				GCC_WARN_64_TO_32_BIT_CONVERSION = YES;
				GCC_WARN_ABOUT_RETURN_TYPE = YES_ERROR;
				GCC_WARN_UNDECLARED_SELECTOR = YES;
				GCC_WARN_UNINITIALIZED_AUTOS = YES_AGGRESSIVE;
				GCC_WARN_UNUSED_FUNCTION = YES;
				GCC_WARN_UNUSED_VARIABLE = YES;
				IPHONEOS_DEPLOYMENT_TARGET = 10.3;
				MTL_ENABLE_DEBUG_INFO = NO;
				SDKROOT = iphoneos;
				SWIFT_OPTIMIZATION_LEVEL = "-Owholemodule";
				TARGETED_DEVICE_FAMILY = "1,2";
				VALIDATE_PRODUCT = YES;
			};
			name = Release;
		};
		43D6DF8A1EF2F61B00D87270 /* Debug */ = {
			isa = XCBuildConfiguration;
			buildSettings = {
				ASSETCATALOG_COMPILER_APPICON_NAME = AppIcon;
				DEVELOPMENT_TEAM = JTK792GD3V;
				INFOPLIST_FILE = PullDown/Info.plist;
				LD_RUNPATH_SEARCH_PATHS = "$(inherited) @executable_path/Frameworks";
				PRODUCT_BUNDLE_IDENTIFIER = com.sdsmdg.PullDown;
				PRODUCT_NAME = "$(TARGET_NAME)";
				SWIFT_VERSION = 3.0;
			};
			name = Debug;
		};
		43D6DF8B1EF2F61B00D87270 /* Release */ = {
			isa = XCBuildConfiguration;
			buildSettings = {
				ASSETCATALOG_COMPILER_APPICON_NAME = AppIcon;
				DEVELOPMENT_TEAM = JTK792GD3V;
				INFOPLIST_FILE = PullDown/Info.plist;
				LD_RUNPATH_SEARCH_PATHS = "$(inherited) @executable_path/Frameworks";
				PRODUCT_BUNDLE_IDENTIFIER = com.sdsmdg.PullDown;
				PRODUCT_NAME = "$(TARGET_NAME)";
				SWIFT_VERSION = 3.0;
			};
			name = Release;
		};
/* End XCBuildConfiguration section */

/* Begin XCConfigurationList section */
		43D6DF721EF2F61B00D87270 /* Build configuration list for PBXProject "PullDown" */ = {
			isa = XCConfigurationList;
			buildConfigurations = (
				43D6DF871EF2F61B00D87270 /* Debug */,
				43D6DF881EF2F61B00D87270 /* Release */,
			);
			defaultConfigurationIsVisible = 0;
			defaultConfigurationName = Release;
		};
		43D6DF891EF2F61B00D87270 /* Build configuration list for PBXNativeTarget "PullDown" */ = {
			isa = XCConfigurationList;
			buildConfigurations = (
				43D6DF8A1EF2F61B00D87270 /* Debug */,
				43D6DF8B1EF2F61B00D87270 /* Release */,
			);
			defaultConfigurationIsVisible = 0;
			defaultConfigurationName = Release;
		};
/* End XCConfigurationList section */
	};
	rootObject = 43D6DF6F1EF2F61B00D87270 /* Project object */;
}
